
Microsoft Visual Studio Solution File, Format Version 12.00
# Visual Studio 14
VisualStudioVersion = 14.0.25123.0
MinimumVisualStudioVersion = 10.0.40219.1
Project("{8BC9CEB8-8B4A-11D0-8D11-00A0C91BC942}") = "Graphics", "Graphics.vcxproj", "{1ADDD791-86F8-484F-A495-5018A0263612}"
EndProject
Project("{8BC9CEB8-8B4A-11D0-8D11-00A0C91BC942}") = "01-HeyTriangle", "tests\01-HeyTriangle\01-HeyTriangle.vcxproj", "{AB1CDB60-393F-4170-BD28-8FE1ADA2A0FC}"
	ProjectSection(ProjectDependencies) = postProject
		{1ADDD791-86F8-484F-A495-5018A0263612} = {1ADDD791-86F8-484F-A495-5018A0263612}
	EndProjectSection
EndProject
Project("{8BC9CEB8-8B4A-11D0-8D11-00A0C91BC942}") = "02-UniTex", "tests\02-UniTex\02-UniTex.vcxproj", "{C3862FAE-7778-4F17-B8F7-9B40D632AA3A}"
	ProjectSection(ProjectDependencies) = postProject
		{1ADDD791-86F8-484F-A495-5018A0263612} = {1ADDD791-86F8-484F-A495-5018A0263612}
	EndProjectSection
EndProject
Project("{8BC9CEB8-8B4A-11D0-8D11-00A0C91BC942}") = "03-tDraw", "tests\03-tDraw\03-tDraw.vcxproj", "{4C41A714-64B2-43EB-9545-D3D44DE9B0CE}"
	ProjectSection(ProjectDependencies) = postProject
		{1ADDD791-86F8-484F-A495-5018A0263612} = {1ADDD791-86F8-484F-A495-5018A0263612}
	EndProjectSection
EndProject
Project("{8BC9CEB8-8B4A-11D0-8D11-00A0C91BC942}") = "04-FromDisk", "tests\04-FromDisk\04-FromDisk.vcxproj", "{9C24B20F-3847-4E51-8D77-C79AF398430A}"
	ProjectSection(ProjectDependencies) = postProject
		{1ADDD791-86F8-484F-A495-5018A0263612} = {1ADDD791-86F8-484F-A495-5018A0263612}
	EndProjectSection
EndProject
Project("{8BC9CEB8-8B4A-11D0-8D11-00A0C91BC942}") = "shaders", "resources\shaders\shaders.vcxproj", "{FE20A479-0512-42AA-8319-BE66490C566E}"
EndProject
Project("{8BC9CEB8-8B4A-11D0-8D11-00A0C91BC942}") = "05-mvp", "tests\05-mvp\05-mvp.vcxproj", "{B54B0CA2-DE49-4201-8E72-440FB1BA7C6B}"
EndProject
Project("{8BC9CEB8-8B4A-11D0-8D11-00A0C91BC942}") = "07-Materials", "tests\07-Materials\07-Materials.vcxproj", "{C5EA5EE5-57C4-4688-ABA6-98285031929C}"
	ProjectSection(ProjectDependencies) = postProject
		{1ADDD791-86F8-484F-A495-5018A0263612} = {1ADDD791-86F8-484F-A495-5018A0263612}
	EndProjectSection
EndProject
Project("{8BC9CEB8-8B4A-11D0-8D11-00A0C91BC942}") = "09-Shadows", "tests\09-Shadows\09-Shadows.vcxproj", "{9E62B20C-61EB-499F-8BCB-3F5DC4A1638A}"
EndProject
Project("{8BC9CEB8-8B4A-11D0-8D11-00A0C91BC942}") = "10-deferred", "tests\10-deferred\10-deferred.vcxproj", "{4B6AA4BF-8BCA-4741-B3A6-D4A853F7055C}"
	ProjectSection(ProjectDependencies) = postProject
		{1ADDD791-86F8-484F-A495-5018A0263612} = {1ADDD791-86F8-484F-A495-5018A0263612}
	EndProjectSection
EndProject
Project("{8BC9CEB8-8B4A-11D0-8D11-00A0C91BC942}") = "AssessmentProject", "tests\AssessmentProject\AssessmentProject.vcxproj", "{D3FAABF5-1B64-4B65-81EA-DC1C2B89EE40}"
	ProjectSection(ProjectDependencies) = postProject
		{1ADDD791-86F8-484F-A495-5018A0263612} = {1ADDD791-86F8-484F-A495-5018A0263612}
	EndProjectSection
EndProject
Global
	GlobalSection(SolutionConfigurationPlatforms) = preSolution
		Debug|x64 = Debug|x64
		Debug|x86 = Debug|x86
		Release|x64 = Release|x64
		Release|x86 = Release|x86
	EndGlobalSection
	GlobalSection(ProjectConfigurationPlatforms) = postSolution
		{1ADDD791-86F8-484F-A495-5018A0263612}.Debug|x64.ActiveCfg = Debug|x64
		{1ADDD791-86F8-484F-A495-5018A0263612}.Debug|x64.Build.0 = Debug|x64
		{1ADDD791-86F8-484F-A495-5018A0263612}.Debug|x86.ActiveCfg = Debug|Win32
		{1ADDD791-86F8-484F-A495-5018A0263612}.Debug|x86.Build.0 = Debug|Win32
		{1ADDD791-86F8-484F-A495-5018A0263612}.Release|x64.ActiveCfg = Release|x64
		{1ADDD791-86F8-484F-A495-5018A0263612}.Release|x64.Build.0 = Release|x64
		{1ADDD791-86F8-484F-A495-5018A0263612}.Release|x86.ActiveCfg = Release|Win32
		{1ADDD791-86F8-484F-A495-5018A0263612}.Release|x86.Build.0 = Release|Win32
		{AB1CDB60-393F-4170-BD28-8FE1ADA2A0FC}.Debug|x64.ActiveCfg = Debug|x64
		{AB1CDB60-393F-4170-BD28-8FE1ADA2A0FC}.Debug|x64.Build.0 = Debug|x64
		{AB1CDB60-393F-4170-BD28-8FE1ADA2A0FC}.Debug|x86.ActiveCfg = Debug|Win32
		{AB1CDB60-393F-4170-BD28-8FE1ADA2A0FC}.Debug|x86.Build.0 = Debug|Win32
		{AB1CDB60-393F-4170-BD28-8FE1ADA2A0FC}.Release|x64.ActiveCfg = Release|x64
		{AB1CDB60-393F-4170-BD28-8FE1ADA2A0FC}.Release|x64.Build.0 = Release|x64
		{AB1CDB60-393F-4170-BD28-8FE1ADA2A0FC}.Release|x86.ActiveCfg = Release|Win32
		{AB1CDB60-393F-4170-BD28-8FE1ADA2A0FC}.Release|x86.Build.0 = Release|Win32
		{C3862FAE-7778-4F17-B8F7-9B40D632AA3A}.Debug|x64.ActiveCfg = Debug|x64
		{C3862FAE-7778-4F17-B8F7-9B40D632AA3A}.Debug|x64.Build.0 = Debug|x64
		{C3862FAE-7778-4F17-B8F7-9B40D632AA3A}.Debug|x86.ActiveCfg = Debug|Win32
		{C3862FAE-7778-4F17-B8F7-9B40D632AA3A}.Debug|x86.Build.0 = Debug|Win32
		{C3862FAE-7778-4F17-B8F7-9B40D632AA3A}.Release|x64.ActiveCfg = Release|x64
		{C3862FAE-7778-4F17-B8F7-9B40D632AA3A}.Release|x64.Build.0 = Release|x64
		{C3862FAE-7778-4F17-B8F7-9B40D632AA3A}.Release|x86.ActiveCfg = Release|Win32
		{C3862FAE-7778-4F17-B8F7-9B40D632AA3A}.Release|x86.Build.0 = Release|Win32
		{4C41A714-64B2-43EB-9545-D3D44DE9B0CE}.Debug|x64.ActiveCfg = Debug|x64
		{4C41A714-64B2-43EB-9545-D3D44DE9B0CE}.Debug|x64.Build.0 = Debug|x64
		{4C41A714-64B2-43EB-9545-D3D44DE9B0CE}.Debug|x86.ActiveCfg = Debug|Win32
		{4C41A714-64B2-43EB-9545-D3D44DE9B0CE}.Debug|x86.Build.0 = Debug|Win32
		{4C41A714-64B2-43EB-9545-D3D44DE9B0CE}.Release|x64.ActiveCfg = Release|x64
		{4C41A714-64B2-43EB-9545-D3D44DE9B0CE}.Release|x64.Build.0 = Release|x64
		{4C41A714-64B2-43EB-9545-D3D44DE9B0CE}.Release|x86.ActiveCfg = Release|Win32
		{4C41A714-64B2-43EB-9545-D3D44DE9B0CE}.Release|x86.Build.0 = Release|Win32
		{9C24B20F-3847-4E51-8D77-C79AF398430A}.Debug|x64.ActiveCfg = Debug|x64
		{9C24B20F-3847-4E51-8D77-C79AF398430A}.Debug|x64.Build.0 = Debug|x64
		{9C24B20F-3847-4E51-8D77-C79AF398430A}.Debug|x86.ActiveCfg = Debug|Win32
		{9C24B20F-3847-4E51-8D77-C79AF398430A}.Debug|x86.Build.0 = Debug|Win32
		{9C24B20F-3847-4E51-8D77-C79AF398430A}.Release|x64.ActiveCfg = Release|x64
		{9C24B20F-3847-4E51-8D77-C79AF398430A}.Release|x64.Build.0 = Release|x64
		{9C24B20F-3847-4E51-8D77-C79AF398430A}.Release|x86.ActiveCfg = Release|Win32
		{9C24B20F-3847-4E51-8D77-C79AF398430A}.Release|x86.Build.0 = Release|Win32
		{FE20A479-0512-42AA-8319-BE66490C566E}.Debug|x64.ActiveCfg = Debug|x64
		{FE20A479-0512-42AA-8319-BE66490C566E}.Debug|x64.Build.0 = Debug|x64
		{FE20A479-0512-42AA-8319-BE66490C566E}.Debug|x86.ActiveCfg = Debug|Win32
		{FE20A479-0512-42AA-8319-BE66490C566E}.Debug|x86.Build.0 = Debug|Win32
		{FE20A479-0512-42AA-8319-BE66490C566E}.Release|x64.ActiveCfg = Release|x64
		{FE20A479-0512-42AA-8319-BE66490C566E}.Release|x64.Build.0 = Release|x64
		{FE20A479-0512-42AA-8319-BE66490C566E}.Release|x86.ActiveCfg = Release|Win32
		{FE20A479-0512-42AA-8319-BE66490C566E}.Release|x86.Build.0 = Release|Win32
		{B54B0CA2-DE49-4201-8E72-440FB1BA7C6B}.Debug|x64.ActiveCfg = Debug|x64
		{B54B0CA2-DE49-4201-8E72-440FB1BA7C6B}.Debug|x64.Build.0 = Debug|x64
		{B54B0CA2-DE49-4201-8E72-440FB1BA7C6B}.Debug|x86.ActiveCfg = Debug|Win32
		{B54B0CA2-DE49-4201-8E72-440FB1BA7C6B}.Debug|x86.Build.0 = Debug|Win32
		{B54B0CA2-DE49-4201-8E72-440FB1BA7C6B}.Release|x64.ActiveCfg = Release|x64
		{B54B0CA2-DE49-4201-8E72-440FB1BA7C6B}.Release|x64.Build.0 = Release|x64
		{B54B0CA2-DE49-4201-8E72-440FB1BA7C6B}.Release|x86.ActiveCfg = Release|Win32
		{B54B0CA2-DE49-4201-8E72-440FB1BA7C6B}.Release|x86.Build.0 = Release|Win32
		{C5EA5EE5-57C4-4688-ABA6-98285031929C}.Debug|x64.ActiveCfg = Debug|x64
		{C5EA5EE5-57C4-4688-ABA6-98285031929C}.Debug|x64.Build.0 = Debug|x64
		{C5EA5EE5-57C4-4688-ABA6-98285031929C}.Debug|x86.ActiveCfg = Debug|Win32
		{C5EA5EE5-57C4-4688-ABA6-98285031929C}.Debug|x86.Build.0 = Debug|Win32
		{C5EA5EE5-57C4-4688-ABA6-98285031929C}.Release|x64.ActiveCfg = Release|x64
		{C5EA5EE5-57C4-4688-ABA6-98285031929C}.Release|x64.Build.0 = Release|x64
		{C5EA5EE5-57C4-4688-ABA6-98285031929C}.Release|x86.ActiveCfg = Release|Win32
		{C5EA5EE5-57C4-4688-ABA6-98285031929C}.Release|x86.Build.0 = Release|Win32
		{9E62B20C-61EB-499F-8BCB-3F5DC4A1638A}.Debug|x64.ActiveCfg = Debug|x64
		{9E62B20C-61EB-499F-8BCB-3F5DC4A1638A}.Debug|x64.Build.0 = Debug|x64
		{9E62B20C-61EB-499F-8BCB-3F5DC4A1638A}.Debug|x86.ActiveCfg = Debug|Win32
		{9E62B20C-61EB-499F-8BCB-3F5DC4A1638A}.Debug|x86.Build.0 = Debug|Win32
		{9E62B20C-61EB-499F-8BCB-3F5DC4A1638A}.Release|x64.ActiveCfg = Release|x64
		{9E62B20C-61EB-499F-8BCB-3F5DC4A1638A}.Release|x64.Build.0 = Release|x64
		{9E62B20C-61EB-499F-8BCB-3F5DC4A1638A}.Release|x86.ActiveCfg = Release|Win32
		{9E62B20C-61EB-499F-8BCB-3F5DC4A1638A}.Release|x86.Build.0 = Release|Win32
		{4B6AA4BF-8BCA-4741-B3A6-D4A853F7055C}.Debug|x64.ActiveCfg = Debug|x64
		{4B6AA4BF-8BCA-4741-B3A6-D4A853F7055C}.Debug|x64.Build.0 = Debug|x64
		{4B6AA4BF-8BCA-4741-B3A6-D4A853F7055C}.Debug|x86.ActiveCfg = Debug|Win32
		{4B6AA4BF-8BCA-4741-B3A6-D4A853F7055C}.Debug|x86.Build.0 = Debug|Win32
		{4B6AA4BF-8BCA-4741-B3A6-D4A853F7055C}.Release|x64.ActiveCfg = Release|x64
		{4B6AA4BF-8BCA-4741-B3A6-D4A853F7055C}.Release|x64.Build.0 = Release|x64
		{4B6AA4BF-8BCA-4741-B3A6-D4A853F7055C}.Release|x86.ActiveCfg = Release|Win32
		{4B6AA4BF-8BCA-4741-B3A6-D4A853F7055C}.Release|x86.Build.0 = Release|Win32
		{D3FAABF5-1B64-4B65-81EA-DC1C2B89EE40}.Debug|x64.ActiveCfg = Debug|x64
		{D3FAABF5-1B64-4B65-81EA-DC1C2B89EE40}.Debug|x64.Build.0 = Debug|x64
		{D3FAABF5-1B64-4B65-81EA-DC1C2B89EE40}.Debug|x86.ActiveCfg = Debug|Win32
		{D3FAABF5-1B64-4B65-81EA-DC1C2B89EE40}.Debug|x86.Build.0 = Debug|Win32
		{D3FAABF5-1B64-4B65-81EA-DC1C2B89EE40}.Release|x64.ActiveCfg = Release|x64
		{D3FAABF5-1B64-4B65-81EA-DC1C2B89EE40}.Release|x64.Build.0 = Release|x64
		{D3FAABF5-1B64-4B65-81EA-DC1C2B89EE40}.Release|x86.ActiveCfg = Release|Win32
		{D3FAABF5-1B64-4B65-81EA-DC1C2B89EE40}.Release|x86.Build.0 = Release|Win32
	EndGlobalSection
	GlobalSection(SolutionProperties) = preSolution
		HideSolutionNode = FALSE
	EndGlobalSection
EndGlobal
